
Microsoft Visual Studio Solution File, Format Version 12.00
# Visual Studio Version 17
VisualStudioVersion = 17.10.35027.167
MinimumVisualStudioVersion = 10.0.40219.1
Project("{9A19103F-16F7-4668-BE54-9A1E7A4F7556}") = "GraphRag.Net.Web", "src\GraphRag.Net.Web\GraphRag.Net.Web.csproj", "{8C4B0AA1-7083-4BEA-9F12-2C20CDDB8426}"
EndProject
Project("{9A19103F-16F7-4668-BE54-9A1E7A4F7556}") = "GraphRag.Net", "src\GraphRag.Net\GraphRag.Net.csproj", "{214FF6B8-E291-4CC8-94BC-16C1CD9DB3B8}"
EndProject
Project("{2150E333-8FDC-42A3-9474-1A3956D46DE8}") = "解决方案项", "解决方案项", "{A35F9835-DFCF-478A-9F24-E0B350161746}"
EndProject
Global
	GlobalSection(SolutionConfigurationPlatforms) = preSolution
		Debug|Any CPU = Debug|Any CPU
		Release|Any CPU = Release|Any CPU
	EndGlobalSection
	GlobalSection(ProjectConfigurationPlatforms) = postSolution
		{8C4B0AA1-7083-4BEA-9F12-2C20CDDB8426}.Debug|Any CPU.ActiveCfg = Debug|Any CPU
		{8C4B0AA1-7083-4BEA-9F12-2C20CDDB8426}.Debug|Any CPU.Build.0 = Debug|Any CPU
		{8C4B0AA1-7083-4BEA-9F12-2C20CDDB8426}.Release|Any CPU.ActiveCfg = Release|Any CPU
		{8C4B0AA1-7083-4BEA-9F12-2C20CDDB8426}.Release|Any CPU.Build.0 = Release|Any CPU
		{214FF6B8-E291-4CC8-94BC-16C1CD9DB3B8}.Debug|Any CPU.ActiveCfg = Debug|Any CPU
		{214FF6B8-E291-4CC8-94BC-16C1CD9DB3B8}.Debug|Any CPU.Build.0 = Debug|Any CPU
		{214FF6B8-E291-4CC8-94BC-16C1CD9DB3B8}.Release|Any CPU.ActiveCfg = Release|Any CPU
		{214FF6B8-E291-4CC8-94BC-16C1CD9DB3B8}.Release|Any CPU.Build.0 = Release|Any CPU
	EndGlobalSection
	GlobalSection(SolutionProperties) = preSolution
		HideSolutionNode = FALSE
	EndGlobalSection
	GlobalSection(ExtensibilityGlobals) = postSolution
		SolutionGuid = {7892D425-42B4-4F17-B17A-38825D88FA7B}
	EndGlobalSection
EndGlobal
